
Microsoft Visual Studio Solution File, Format Version 12.00
# Visual Studio 15
VisualStudioVersion = 15.0.27703.2047
MinimumVisualStudioVersion = 10.0.40219.1
Project("{FAE04EC0-301F-11D3-BF4B-00C04F79EFBC}") = "ARDUINOBTCONTROL", "ARDUINOBTCONTROL.csproj", "{750F4339-8448-4535-AEEB-D4A7A6626A6D}"
EndProject
Global
	GlobalSection(SolutionConfigurationPlatforms) = preSolution
		Debug|Any CPU = Debug|Any CPU
		Release|Any CPU = Release|Any CPU
	EndGlobalSection
	GlobalSection(ProjectConfigurationPlatforms) = postSolution
		{750F4339-8448-4535-AEEB-D4A7A6626A6D}.Debug|Any CPU.ActiveCfg = Debug|Any CPU
		{750F4339-8448-4535-AEEB-D4A7A6626A6D}.Debug|Any CPU.Build.0 = Debug|Any CPU
		{750F4339-8448-4535-AEEB-D4A7A6626A6D}.Release|Any CPU.ActiveCfg = Release|Any CPU
		{750F4339-8448-4535-AEEB-D4A7A6626A6D}.Release|Any CPU.Build.0 = Release|Any CPU
	EndGlobalSection
	GlobalSection(SolutionProperties) = preSolution
		HideSolutionNode = FALSE
	EndGlobalSection
	GlobalSection(ExtensibilityGlobals) = postSolution
		SolutionGuid = {EA938AC4-15FF-49BA-A968-B2E20510DD4D}
	EndGlobalSection
EndGlobal
